
Microsoft Visual Studio Solution File, Format Version 12.00
# Visual Studio Version 16
VisualStudioVersion = 16.0.28809.33
MinimumVisualStudioVersion = 10.0.40219.1
Project("{9A19103F-16F7-4668-BE54-9A1E7A4F7556}") = "TemplatesManager", "TemplatesManager\TemplatesManager.csproj", "{EA7A2F9F-5E85-4B0A-9E1E-7EF6BA37B3E8}"
EndProject
Project("{9A19103F-16F7-4668-BE54-9A1E7A4F7556}") = "AssignmentsManager", "AssignmentManager\AssignmentsManager.csproj", "{5DB49B6F-27BE-492A-9874-27169EDA7CAB}"
EndProject
Project("{9A19103F-16F7-4668-BE54-9A1E7A4F7556}") = "AzureResourcesManager", "AzureResourcesManager\AzureResourcesManager.csproj", "{C89BE745-FD9E-4F8F-ADF7-7144C0221161}"
EndProject
Project("{9A19103F-16F7-4668-BE54-9A1E7A4F7556}") = "CodebasesManager", "CodebasesManager\CodebasesManager.csproj", "{A2F9AFC9-2885-45C8-A4B9-82F6CEB32E9F}"
EndProject
Project("{9A19103F-16F7-4668-BE54-9A1E7A4F7556}") = "TutorialsManager", "TutorialsManager\TutorialsManager.csproj", "{E7884C49-F565-42FF-BFDE-B8166749B25D}"
EndProject
Project("{9A19103F-16F7-4668-BE54-9A1E7A4F7556}") = "CollaborationsManager", "CollaborationsManager\CollaborationsManager.csproj", "{4B7217B3-F292-49FF-99BC-6B0F74E270DD}"
EndProject
Project("{9A19103F-16F7-4668-BE54-9A1E7A4F7556}") = "AutoGradersManager", "AutoGradersManager\AutoGradersManager.csproj", "{4D7C82B5-2692-4F78-AF5A-24A62E8F91A0}"
EndProject
Project("{9A19103F-16F7-4668-BE54-9A1E7A4F7556}") = "AntiCheatsManager", "AntiCheatsManager\AntiCheatsManager.csproj", "{40C73D08-2F9D-4BF3-8298-F0F9BB7A4C30}"
EndProject
Project("{9A19103F-16F7-4668-BE54-9A1E7A4F7556}") = "SubmissionsManager", "SubmissionsManager\SubmissionsManager.csproj", "{E2BAB225-D015-4FDE-90B5-018C219E1B4D}"
EndProject
Project("{9A19103F-16F7-4668-BE54-9A1E7A4F7556}") = "AssignmentsAccessor", "AssignmentsAccessor\AssignmentsAccessor.csproj", "{BE47D51C-BE39-4BF4-AB14-9F2621BB8476}"
EndProject
Project("{9A19103F-16F7-4668-BE54-9A1E7A4F7556}") = "BudgetsAccessor", "BudgetsAccessor\BudgetsAccessor.csproj", "{DA6A0AD2-3B9A-4A3F-B4E4-43E53599A77D}"
EndProject
Project("{9A19103F-16F7-4668-BE54-9A1E7A4F7556}") = "StudentsAccessor", "StudentsAccessor\StudentsAccessor.csproj", "{AC4C1E7C-553A-482B-8123-83A9F519E03C}"
EndProject
Project("{9A19103F-16F7-4668-BE54-9A1E7A4F7556}") = "GitAccessor", "GitAccessor\GitAccessor.csproj", "{A273B97E-CC77-4E89-AD0D-1424C92A9CA8}"
EndProject
Project("{9A19103F-16F7-4668-BE54-9A1E7A4F7556}") = "AutoLabAccessor", "AutoLabAccessor\AutoLabAccessor.csproj", "{8BA6BA05-2290-4EC8-826B-DA7E79D424A8}"
EndProject
Project("{9A19103F-16F7-4668-BE54-9A1E7A4F7556}") = "OkPyAccessor", "OkPyAccessor\OkPyAccessor.csproj", "{D46A6DFB-9A9C-4661-A3D8-9513AD8CBD18}"
EndProject
Project("{9A19103F-16F7-4668-BE54-9A1E7A4F7556}") = "AzureAccessor", "AzureAccessor\AzureAccessor.csproj", "{B2581FD7-CAF2-47E4-B7A3-F6C4498C9E35}"
EndProject
Project("{9A19103F-16F7-4668-BE54-9A1E7A4F7556}") = "AzureCalculatorAccessor", "AzureCalculatorAccessor\AzureCalculatorAccessor.csproj", "{73107FA7-AA78-4D29-AF3B-8942ED992E0F}"
EndProject
Project("{9A19103F-16F7-4668-BE54-9A1E7A4F7556}") = "MicrosoftLearnAccessor", "MicrosoftLearnAccessor\MicrosoftLearnAccessor.csproj", "{88B66309-C41F-4B09-9D95-3247E62A870D}"
EndProject
Project("{9A19103F-16F7-4668-BE54-9A1E7A4F7556}") = "TeamsAccessor", "TeamsAccessor\TeamsAccessor.csproj", "{137774B4-DDEC-4201-A171-193DEE0BD44D}"
EndProject
Project("{9A19103F-16F7-4668-BE54-9A1E7A4F7556}") = "MossAccessor", "MossAccessor\MossAccessor.csproj", "{74FC87A7-021A-424A-9B9A-2B64607D8542}"
EndProject
Project("{9A19103F-16F7-4668-BE54-9A1E7A4F7556}") = "SubmissionsAccessor", "Submissions\SubmissionsAccessor.csproj", "{4CE2E32B-E047-4277-93DF-1C6FC7E2E282}"
EndProject
Project("{FAE04EC0-301F-11D3-BF4B-00C04F79EFBC}") = "Common", "Common\Common.csproj", "{D03D3199-BDF1-4E3F-958C-3C0096077A64}"
EndProject
Project("{FAE04EC0-301F-11D3-BF4B-00C04F79EFBC}") = "LtiProvider", "LtiProvider\LtiProvider.csproj", "{5B507E98-A20F-4D2B-8A6C-9D3838F63BE0}"
EndProject
Global
	GlobalSection(SolutionConfigurationPlatforms) = preSolution
		Debug|Any CPU = Debug|Any CPU
		Release|Any CPU = Release|Any CPU
	EndGlobalSection
	GlobalSection(ProjectConfigurationPlatforms) = postSolution
		{EA7A2F9F-5E85-4B0A-9E1E-7EF6BA37B3E8}.Debug|Any CPU.ActiveCfg = Debug|Any CPU
		{EA7A2F9F-5E85-4B0A-9E1E-7EF6BA37B3E8}.Debug|Any CPU.Build.0 = Debug|Any CPU
		{EA7A2F9F-5E85-4B0A-9E1E-7EF6BA37B3E8}.Release|Any CPU.ActiveCfg = Release|Any CPU
		{EA7A2F9F-5E85-4B0A-9E1E-7EF6BA37B3E8}.Release|Any CPU.Build.0 = Release|Any CPU
		{5DB49B6F-27BE-492A-9874-27169EDA7CAB}.Debug|Any CPU.ActiveCfg = Debug|Any CPU
		{5DB49B6F-27BE-492A-9874-27169EDA7CAB}.Debug|Any CPU.Build.0 = Debug|Any CPU
		{5DB49B6F-27BE-492A-9874-27169EDA7CAB}.Release|Any CPU.ActiveCfg = Release|Any CPU
		{5DB49B6F-27BE-492A-9874-27169EDA7CAB}.Release|Any CPU.Build.0 = Release|Any CPU
		{C89BE745-FD9E-4F8F-ADF7-7144C0221161}.Debug|Any CPU.ActiveCfg = Debug|Any CPU
		{C89BE745-FD9E-4F8F-ADF7-7144C0221161}.Debug|Any CPU.Build.0 = Debug|Any CPU
		{C89BE745-FD9E-4F8F-ADF7-7144C0221161}.Release|Any CPU.ActiveCfg = Release|Any CPU
		{C89BE745-FD9E-4F8F-ADF7-7144C0221161}.Release|Any CPU.Build.0 = Release|Any CPU
		{A2F9AFC9-2885-45C8-A4B9-82F6CEB32E9F}.Debug|Any CPU.ActiveCfg = Debug|Any CPU
		{A2F9AFC9-2885-45C8-A4B9-82F6CEB32E9F}.Debug|Any CPU.Build.0 = Debug|Any CPU
		{A2F9AFC9-2885-45C8-A4B9-82F6CEB32E9F}.Release|Any CPU.ActiveCfg = Release|Any CPU
		{A2F9AFC9-2885-45C8-A4B9-82F6CEB32E9F}.Release|Any CPU.Build.0 = Release|Any CPU
		{E7884C49-F565-42FF-BFDE-B8166749B25D}.Debug|Any CPU.ActiveCfg = Debug|Any CPU
		{E7884C49-F565-42FF-BFDE-B8166749B25D}.Debug|Any CPU.Build.0 = Debug|Any CPU
		{E7884C49-F565-42FF-BFDE-B8166749B25D}.Release|Any CPU.ActiveCfg = Release|Any CPU
		{E7884C49-F565-42FF-BFDE-B8166749B25D}.Release|Any CPU.Build.0 = Release|Any CPU
		{4B7217B3-F292-49FF-99BC-6B0F74E270DD}.Debug|Any CPU.ActiveCfg = Debug|Any CPU
		{4B7217B3-F292-49FF-99BC-6B0F74E270DD}.Debug|Any CPU.Build.0 = Debug|Any CPU
		{4B7217B3-F292-49FF-99BC-6B0F74E270DD}.Release|Any CPU.ActiveCfg = Release|Any CPU
		{4B7217B3-F292-49FF-99BC-6B0F74E270DD}.Release|Any CPU.Build.0 = Release|Any CPU
		{4D7C82B5-2692-4F78-AF5A-24A62E8F91A0}.Debug|Any CPU.ActiveCfg = Debug|Any CPU
		{4D7C82B5-2692-4F78-AF5A-24A62E8F91A0}.Debug|Any CPU.Build.0 = Debug|Any CPU
		{4D7C82B5-2692-4F78-AF5A-24A62E8F91A0}.Release|Any CPU.ActiveCfg = Release|Any CPU
		{4D7C82B5-2692-4F78-AF5A-24A62E8F91A0}.Release|Any CPU.Build.0 = Release|Any CPU
		{40C73D08-2F9D-4BF3-8298-F0F9BB7A4C30}.Debug|Any CPU.ActiveCfg = Debug|Any CPU
		{40C73D08-2F9D-4BF3-8298-F0F9BB7A4C30}.Debug|Any CPU.Build.0 = Debug|Any CPU
		{40C73D08-2F9D-4BF3-8298-F0F9BB7A4C30}.Release|Any CPU.ActiveCfg = Release|Any CPU
		{40C73D08-2F9D-4BF3-8298-F0F9BB7A4C30}.Release|Any CPU.Build.0 = Release|Any CPU
		{E2BAB225-D015-4FDE-90B5-018C219E1B4D}.Debug|Any CPU.ActiveCfg = Debug|Any CPU
		{E2BAB225-D015-4FDE-90B5-018C219E1B4D}.Debug|Any CPU.Build.0 = Debug|Any CPU
		{E2BAB225-D015-4FDE-90B5-018C219E1B4D}.Release|Any CPU.ActiveCfg = Release|Any CPU
		{E2BAB225-D015-4FDE-90B5-018C219E1B4D}.Release|Any CPU.Build.0 = Release|Any CPU
		{BE47D51C-BE39-4BF4-AB14-9F2621BB8476}.Debug|Any CPU.ActiveCfg = Debug|Any CPU
		{BE47D51C-BE39-4BF4-AB14-9F2621BB8476}.Debug|Any CPU.Build.0 = Debug|Any CPU
		{BE47D51C-BE39-4BF4-AB14-9F2621BB8476}.Release|Any CPU.ActiveCfg = Release|Any CPU
		{BE47D51C-BE39-4BF4-AB14-9F2621BB8476}.Release|Any CPU.Build.0 = Release|Any CPU
		{DA6A0AD2-3B9A-4A3F-B4E4-43E53599A77D}.Debug|Any CPU.ActiveCfg = Debug|Any CPU
		{DA6A0AD2-3B9A-4A3F-B4E4-43E53599A77D}.Debug|Any CPU.Build.0 = Debug|Any CPU
		{DA6A0AD2-3B9A-4A3F-B4E4-43E53599A77D}.Release|Any CPU.ActiveCfg = Release|Any CPU
		{DA6A0AD2-3B9A-4A3F-B4E4-43E53599A77D}.Release|Any CPU.Build.0 = Release|Any CPU
		{AC4C1E7C-553A-482B-8123-83A9F519E03C}.Debug|Any CPU.ActiveCfg = Debug|Any CPU
		{AC4C1E7C-553A-482B-8123-83A9F519E03C}.Debug|Any CPU.Build.0 = Debug|Any CPU
		{AC4C1E7C-553A-482B-8123-83A9F519E03C}.Release|Any CPU.ActiveCfg = Release|Any CPU
		{AC4C1E7C-553A-482B-8123-83A9F519E03C}.Release|Any CPU.Build.0 = Release|Any CPU
		{A273B97E-CC77-4E89-AD0D-1424C92A9CA8}.Debug|Any CPU.ActiveCfg = Debug|Any CPU
		{A273B97E-CC77-4E89-AD0D-1424C92A9CA8}.Debug|Any CPU.Build.0 = Debug|Any CPU
		{A273B97E-CC77-4E89-AD0D-1424C92A9CA8}.Release|Any CPU.ActiveCfg = Release|Any CPU
		{A273B97E-CC77-4E89-AD0D-1424C92A9CA8}.Release|Any CPU.Build.0 = Release|Any CPU
		{8BA6BA05-2290-4EC8-826B-DA7E79D424A8}.Debug|Any CPU.ActiveCfg = Debug|Any CPU
		{8BA6BA05-2290-4EC8-826B-DA7E79D424A8}.Debug|Any CPU.Build.0 = Debug|Any CPU
		{8BA6BA05-2290-4EC8-826B-DA7E79D424A8}.Release|Any CPU.ActiveCfg = Release|Any CPU
		{8BA6BA05-2290-4EC8-826B-DA7E79D424A8}.Release|Any CPU.Build.0 = Release|Any CPU
		{D46A6DFB-9A9C-4661-A3D8-9513AD8CBD18}.Debug|Any CPU.ActiveCfg = Debug|Any CPU
		{D46A6DFB-9A9C-4661-A3D8-9513AD8CBD18}.Debug|Any CPU.Build.0 = Debug|Any CPU
		{D46A6DFB-9A9C-4661-A3D8-9513AD8CBD18}.Release|Any CPU.ActiveCfg = Release|Any CPU
		{D46A6DFB-9A9C-4661-A3D8-9513AD8CBD18}.Release|Any CPU.Build.0 = Release|Any CPU
		{B2581FD7-CAF2-47E4-B7A3-F6C4498C9E35}.Debug|Any CPU.ActiveCfg = Debug|Any CPU
		{B2581FD7-CAF2-47E4-B7A3-F6C4498C9E35}.Debug|Any CPU.Build.0 = Debug|Any CPU
		{B2581FD7-CAF2-47E4-B7A3-F6C4498C9E35}.Release|Any CPU.ActiveCfg = Release|Any CPU
		{B2581FD7-CAF2-47E4-B7A3-F6C4498C9E35}.Release|Any CPU.Build.0 = Release|Any CPU
		{73107FA7-AA78-4D29-AF3B-8942ED992E0F}.Debug|Any CPU.ActiveCfg = Debug|Any CPU
		{73107FA7-AA78-4D29-AF3B-8942ED992E0F}.Debug|Any CPU.Build.0 = Debug|Any CPU
		{73107FA7-AA78-4D29-AF3B-8942ED992E0F}.Release|Any CPU.ActiveCfg = Release|Any CPU
		{73107FA7-AA78-4D29-AF3B-8942ED992E0F}.Release|Any CPU.Build.0 = Release|Any CPU
		{88B66309-C41F-4B09-9D95-3247E62A870D}.Debug|Any CPU.ActiveCfg = Debug|Any CPU
		{88B66309-C41F-4B09-9D95-3247E62A870D}.Debug|Any CPU.Build.0 = Debug|Any CPU
		{88B66309-C41F-4B09-9D95-3247E62A870D}.Release|Any CPU.ActiveCfg = Release|Any CPU
		{88B66309-C41F-4B09-9D95-3247E62A870D}.Release|Any CPU.Build.0 = Release|Any CPU
		{137774B4-DDEC-4201-A171-193DEE0BD44D}.Debug|Any CPU.ActiveCfg = Debug|Any CPU
		{137774B4-DDEC-4201-A171-193DEE0BD44D}.Debug|Any CPU.Build.0 = Debug|Any CPU
		{137774B4-DDEC-4201-A171-193DEE0BD44D}.Release|Any CPU.ActiveCfg = Release|Any CPU
		{137774B4-DDEC-4201-A171-193DEE0BD44D}.Release|Any CPU.Build.0 = Release|Any CPU
		{74FC87A7-021A-424A-9B9A-2B64607D8542}.Debug|Any CPU.ActiveCfg = Debug|Any CPU
		{74FC87A7-021A-424A-9B9A-2B64607D8542}.Debug|Any CPU.Build.0 = Debug|Any CPU
		{74FC87A7-021A-424A-9B9A-2B64607D8542}.Release|Any CPU.ActiveCfg = Release|Any CPU
		{74FC87A7-021A-424A-9B9A-2B64607D8542}.Release|Any CPU.Build.0 = Release|Any CPU
		{4CE2E32B-E047-4277-93DF-1C6FC7E2E282}.Debug|Any CPU.ActiveCfg = Debug|Any CPU
		{4CE2E32B-E047-4277-93DF-1C6FC7E2E282}.Debug|Any CPU.Build.0 = Debug|Any CPU
		{4CE2E32B-E047-4277-93DF-1C6FC7E2E282}.Release|Any CPU.ActiveCfg = Release|Any CPU
		{4CE2E32B-E047-4277-93DF-1C6FC7E2E282}.Release|Any CPU.Build.0 = Release|Any CPU
		{D03D3199-BDF1-4E3F-958C-3C0096077A64}.Debug|Any CPU.ActiveCfg = Debug|Any CPU
		{D03D3199-BDF1-4E3F-958C-3C0096077A64}.Debug|Any CPU.Build.0 = Debug|Any CPU
		{D03D3199-BDF1-4E3F-958C-3C0096077A64}.Release|Any CPU.ActiveCfg = Release|Any CPU
		{D03D3199-BDF1-4E3F-958C-3C0096077A64}.Release|Any CPU.Build.0 = Release|Any CPU
		{5B507E98-A20F-4D2B-8A6C-9D3838F63BE0}.Debug|Any CPU.ActiveCfg = Debug|Any CPU
		{5B507E98-A20F-4D2B-8A6C-9D3838F63BE0}.Debug|Any CPU.Build.0 = Debug|Any CPU
		{5B507E98-A20F-4D2B-8A6C-9D3838F63BE0}.Release|Any CPU.ActiveCfg = Release|Any CPU
		{5B507E98-A20F-4D2B-8A6C-9D3838F63BE0}.Release|Any CPU.Build.0 = Release|Any CPU
	EndGlobalSection
	GlobalSection(SolutionProperties) = preSolution
		HideSolutionNode = FALSE
	EndGlobalSection
	GlobalSection(ExtensibilityGlobals) = postSolution
		SolutionGuid = {585291E8-63B3-4C54-8AB8-33BF88A354CB}
	EndGlobalSection
EndGlobal
