
Microsoft Visual Studio Solution File, Format Version 12.00
# Visual Studio 15
VisualStudioVersion = 15.0.28307.168
MinimumVisualStudioVersion = 10.0.40219.1
Project("{9A19103F-16F7-4668-BE54-9A1E7A4F7556}") = "TemplatesManager", "TemplatesManager\TemplatesManager.csproj", "{EA7A2F9F-5E85-4B0A-9E1E-7EF6BA37B3E8}"
EndProject
Project("{9A19103F-16F7-4668-BE54-9A1E7A4F7556}") = "AssignmentsManager", "AssignmentManager\AssignmentsManager.csproj", "{5DB49B6F-27BE-492A-9874-27169EDA7CAB}"
EndProject
Project("{9A19103F-16F7-4668-BE54-9A1E7A4F7556}") = "AzureResourcesManager", "AzureResourcesManager\AzureResourcesManager.csproj", "{C89BE745-FD9E-4F8F-ADF7-7144C0221161}"
EndProject
Project("{9A19103F-16F7-4668-BE54-9A1E7A4F7556}") = "CodebasesManager", "CodebasesManager\CodebasesManager.csproj", "{A2F9AFC9-2885-45C8-A4B9-82F6CEB32E9F}"
EndProject
Project("{9A19103F-16F7-4668-BE54-9A1E7A4F7556}") = "TutorialsManager", "TutorialsManager\TutorialsManager.csproj", "{E7884C49-F565-42FF-BFDE-B8166749B25D}"
EndProject
Project("{9A19103F-16F7-4668-BE54-9A1E7A4F7556}") = "CollaborationsManager", "CollaborationsManager\CollaborationsManager.csproj", "{4B7217B3-F292-49FF-99BC-6B0F74E270DD}"
EndProject
Project("{9A19103F-16F7-4668-BE54-9A1E7A4F7556}") = "AutoGradersManager", "AutoGradersManager\AutoGradersManager.csproj", "{4D7C82B5-2692-4F78-AF5A-24A62E8F91A0}"
EndProject
Project("{9A19103F-16F7-4668-BE54-9A1E7A4F7556}") = "AntiCheatsManager", "AntiCheatsManager\AntiCheatsManager.csproj", "{40C73D08-2F9D-4BF3-8298-F0F9BB7A4C30}"
EndProject
Project("{FAE04EC0-301F-11D3-BF4B-00C04F79EFBC}") = "AssignmentsAccessor", "AssignmentsAccessor\AssignmentsAccessor.csproj", "{6197B4E9-556E-4FEA-B273-15644A7DA4BC}"
EndProject
Project("{FAE04EC0-301F-11D3-BF4B-00C04F79EFBC}") = "AutoLabAccessor", "AutoLabAccessor\AutoLabAccessor.csproj", "{0FEBDE0C-9D1B-44DB-B093-18C4E4CCB109}"
EndProject
Project("{FAE04EC0-301F-11D3-BF4B-00C04F79EFBC}") = "AzureCalculatorAccessor", "AzureCalculatorAccessor\AzureCalculatorAccessor.csproj", "{80D5D849-FDDC-489D-A661-9133843C14D3}"
EndProject
Project("{FAE04EC0-301F-11D3-BF4B-00C04F79EFBC}") = "AzureAccessor", "AzureAccessor\AzureAccessor.csproj", "{AAA6599A-3EF7-4488-BEC8-452D75477AE2}"
EndProject
Project("{FAE04EC0-301F-11D3-BF4B-00C04F79EFBC}") = "BudgetsAccessor", "BudgetsAccessor\BudgetsAccessor.csproj", "{CF1EC106-1F18-45CF-8CF4-3833FAEFC519}"
EndProject
Project("{FAE04EC0-301F-11D3-BF4B-00C04F79EFBC}") = "GitAccessor", "GitAccessor\GitAccessor.csproj", "{A8C14E1B-0D8D-4F71-AD6F-C395AA70C586}"
EndProject
Project("{FAE04EC0-301F-11D3-BF4B-00C04F79EFBC}") = "MicrosoftLearnAccessor", "MicrosoftLearnAccessor\MicrosoftLearnAccessor.csproj", "{35AEDA88-08A2-495C-90D0-4D9A1D145687}"
EndProject
Project("{FAE04EC0-301F-11D3-BF4B-00C04F79EFBC}") = "MossAccessor", "MossAccessor\MossAccessor.csproj", "{2956895B-D752-48C7-ABEE-91D747195713}"
EndProject
Project("{FAE04EC0-301F-11D3-BF4B-00C04F79EFBC}") = "OkPyAccessor", "OkPyAccessor\OkPyAccessor.csproj", "{1E40708E-4544-4252-B306-110D6A54B2E8}"
EndProject
Project("{FAE04EC0-301F-11D3-BF4B-00C04F79EFBC}") = "MembershipsAccessor", "MembershipsAccessor\MembershipsAccessor.csproj", "{7BC2B46B-3DF0-4A5E-835B-CF034173749B}"
EndProject
Project("{FAE04EC0-301F-11D3-BF4B-00C04F79EFBC}") = "SubmissionsAccessor", "SubmissionsAccessor\SubmissionsAccessor.csproj", "{F7383F7B-6B36-4550-BEE2-8AD84E75A6CC}"
EndProject
Project("{FAE04EC0-301F-11D3-BF4B-00C04F79EFBC}") = "SubmissionsManager", "SubmissionsManager\SubmissionsManager.csproj", "{FEC329B4-9EAA-43E2-979D-1AF870490395}"
EndProject
Project("{FAE04EC0-301F-11D3-BF4B-00C04F79EFBC}") = "TeamsAccessor", "TeamsAccessor\TeamsAccessor.csproj", "{7CBC7FC0-6E44-4709-A23F-D23F86341E83}"
EndProject
Global
	GlobalSection(SolutionConfigurationPlatforms) = preSolution
		Debug|Any CPU = Debug|Any CPU
		Release|Any CPU = Release|Any CPU
	EndGlobalSection
	GlobalSection(ProjectConfigurationPlatforms) = postSolution
		{EA7A2F9F-5E85-4B0A-9E1E-7EF6BA37B3E8}.Debug|Any CPU.ActiveCfg = Debug|Any CPU
		{EA7A2F9F-5E85-4B0A-9E1E-7EF6BA37B3E8}.Debug|Any CPU.Build.0 = Debug|Any CPU
		{EA7A2F9F-5E85-4B0A-9E1E-7EF6BA37B3E8}.Release|Any CPU.ActiveCfg = Release|Any CPU
		{EA7A2F9F-5E85-4B0A-9E1E-7EF6BA37B3E8}.Release|Any CPU.Build.0 = Release|Any CPU
		{5DB49B6F-27BE-492A-9874-27169EDA7CAB}.Debug|Any CPU.ActiveCfg = Debug|Any CPU
		{5DB49B6F-27BE-492A-9874-27169EDA7CAB}.Debug|Any CPU.Build.0 = Debug|Any CPU
		{5DB49B6F-27BE-492A-9874-27169EDA7CAB}.Release|Any CPU.ActiveCfg = Release|Any CPU
		{5DB49B6F-27BE-492A-9874-27169EDA7CAB}.Release|Any CPU.Build.0 = Release|Any CPU
		{C89BE745-FD9E-4F8F-ADF7-7144C0221161}.Debug|Any CPU.ActiveCfg = Debug|Any CPU
		{C89BE745-FD9E-4F8F-ADF7-7144C0221161}.Debug|Any CPU.Build.0 = Debug|Any CPU
		{C89BE745-FD9E-4F8F-ADF7-7144C0221161}.Release|Any CPU.ActiveCfg = Release|Any CPU
		{C89BE745-FD9E-4F8F-ADF7-7144C0221161}.Release|Any CPU.Build.0 = Release|Any CPU
		{A2F9AFC9-2885-45C8-A4B9-82F6CEB32E9F}.Debug|Any CPU.ActiveCfg = Debug|Any CPU
		{A2F9AFC9-2885-45C8-A4B9-82F6CEB32E9F}.Debug|Any CPU.Build.0 = Debug|Any CPU
		{A2F9AFC9-2885-45C8-A4B9-82F6CEB32E9F}.Release|Any CPU.ActiveCfg = Release|Any CPU
		{A2F9AFC9-2885-45C8-A4B9-82F6CEB32E9F}.Release|Any CPU.Build.0 = Release|Any CPU
		{E7884C49-F565-42FF-BFDE-B8166749B25D}.Debug|Any CPU.ActiveCfg = Debug|Any CPU
		{E7884C49-F565-42FF-BFDE-B8166749B25D}.Debug|Any CPU.Build.0 = Debug|Any CPU
		{E7884C49-F565-42FF-BFDE-B8166749B25D}.Release|Any CPU.ActiveCfg = Release|Any CPU
		{E7884C49-F565-42FF-BFDE-B8166749B25D}.Release|Any CPU.Build.0 = Release|Any CPU
		{4B7217B3-F292-49FF-99BC-6B0F74E270DD}.Debug|Any CPU.ActiveCfg = Debug|Any CPU
		{4B7217B3-F292-49FF-99BC-6B0F74E270DD}.Debug|Any CPU.Build.0 = Debug|Any CPU
		{4B7217B3-F292-49FF-99BC-6B0F74E270DD}.Release|Any CPU.ActiveCfg = Release|Any CPU
		{4B7217B3-F292-49FF-99BC-6B0F74E270DD}.Release|Any CPU.Build.0 = Release|Any CPU
		{4D7C82B5-2692-4F78-AF5A-24A62E8F91A0}.Debug|Any CPU.ActiveCfg = Debug|Any CPU
		{4D7C82B5-2692-4F78-AF5A-24A62E8F91A0}.Debug|Any CPU.Build.0 = Debug|Any CPU
		{4D7C82B5-2692-4F78-AF5A-24A62E8F91A0}.Release|Any CPU.ActiveCfg = Release|Any CPU
		{4D7C82B5-2692-4F78-AF5A-24A62E8F91A0}.Release|Any CPU.Build.0 = Release|Any CPU
		{40C73D08-2F9D-4BF3-8298-F0F9BB7A4C30}.Debug|Any CPU.ActiveCfg = Debug|Any CPU
		{40C73D08-2F9D-4BF3-8298-F0F9BB7A4C30}.Debug|Any CPU.Build.0 = Debug|Any CPU
		{40C73D08-2F9D-4BF3-8298-F0F9BB7A4C30}.Release|Any CPU.ActiveCfg = Release|Any CPU
		{40C73D08-2F9D-4BF3-8298-F0F9BB7A4C30}.Release|Any CPU.Build.0 = Release|Any CPU
		{6197B4E9-556E-4FEA-B273-15644A7DA4BC}.Debug|Any CPU.ActiveCfg = Debug|Any CPU
		{6197B4E9-556E-4FEA-B273-15644A7DA4BC}.Debug|Any CPU.Build.0 = Debug|Any CPU
		{6197B4E9-556E-4FEA-B273-15644A7DA4BC}.Release|Any CPU.ActiveCfg = Release|Any CPU
		{6197B4E9-556E-4FEA-B273-15644A7DA4BC}.Release|Any CPU.Build.0 = Release|Any CPU
		{0FEBDE0C-9D1B-44DB-B093-18C4E4CCB109}.Debug|Any CPU.ActiveCfg = Debug|Any CPU
		{0FEBDE0C-9D1B-44DB-B093-18C4E4CCB109}.Debug|Any CPU.Build.0 = Debug|Any CPU
		{0FEBDE0C-9D1B-44DB-B093-18C4E4CCB109}.Release|Any CPU.ActiveCfg = Release|Any CPU
		{0FEBDE0C-9D1B-44DB-B093-18C4E4CCB109}.Release|Any CPU.Build.0 = Release|Any CPU
		{80D5D849-FDDC-489D-A661-9133843C14D3}.Debug|Any CPU.ActiveCfg = Debug|Any CPU
		{80D5D849-FDDC-489D-A661-9133843C14D3}.Debug|Any CPU.Build.0 = Debug|Any CPU
		{80D5D849-FDDC-489D-A661-9133843C14D3}.Release|Any CPU.ActiveCfg = Release|Any CPU
		{80D5D849-FDDC-489D-A661-9133843C14D3}.Release|Any CPU.Build.0 = Release|Any CPU
		{AAA6599A-3EF7-4488-BEC8-452D75477AE2}.Debug|Any CPU.ActiveCfg = Debug|Any CPU
		{AAA6599A-3EF7-4488-BEC8-452D75477AE2}.Debug|Any CPU.Build.0 = Debug|Any CPU
		{AAA6599A-3EF7-4488-BEC8-452D75477AE2}.Release|Any CPU.ActiveCfg = Release|Any CPU
		{AAA6599A-3EF7-4488-BEC8-452D75477AE2}.Release|Any CPU.Build.0 = Release|Any CPU
		{CF1EC106-1F18-45CF-8CF4-3833FAEFC519}.Debug|Any CPU.ActiveCfg = Debug|Any CPU
		{CF1EC106-1F18-45CF-8CF4-3833FAEFC519}.Debug|Any CPU.Build.0 = Debug|Any CPU
		{CF1EC106-1F18-45CF-8CF4-3833FAEFC519}.Release|Any CPU.ActiveCfg = Release|Any CPU
		{CF1EC106-1F18-45CF-8CF4-3833FAEFC519}.Release|Any CPU.Build.0 = Release|Any CPU
		{A8C14E1B-0D8D-4F71-AD6F-C395AA70C586}.Debug|Any CPU.ActiveCfg = Debug|Any CPU
		{A8C14E1B-0D8D-4F71-AD6F-C395AA70C586}.Debug|Any CPU.Build.0 = Debug|Any CPU
		{A8C14E1B-0D8D-4F71-AD6F-C395AA70C586}.Release|Any CPU.ActiveCfg = Release|Any CPU
		{A8C14E1B-0D8D-4F71-AD6F-C395AA70C586}.Release|Any CPU.Build.0 = Release|Any CPU
		{35AEDA88-08A2-495C-90D0-4D9A1D145687}.Debug|Any CPU.ActiveCfg = Debug|Any CPU
		{35AEDA88-08A2-495C-90D0-4D9A1D145687}.Debug|Any CPU.Build.0 = Debug|Any CPU
		{35AEDA88-08A2-495C-90D0-4D9A1D145687}.Release|Any CPU.ActiveCfg = Release|Any CPU
		{35AEDA88-08A2-495C-90D0-4D9A1D145687}.Release|Any CPU.Build.0 = Release|Any CPU
		{2956895B-D752-48C7-ABEE-91D747195713}.Debug|Any CPU.ActiveCfg = Debug|Any CPU
		{2956895B-D752-48C7-ABEE-91D747195713}.Debug|Any CPU.Build.0 = Debug|Any CPU
		{2956895B-D752-48C7-ABEE-91D747195713}.Release|Any CPU.ActiveCfg = Release|Any CPU
		{2956895B-D752-48C7-ABEE-91D747195713}.Release|Any CPU.Build.0 = Release|Any CPU
		{1E40708E-4544-4252-B306-110D6A54B2E8}.Debug|Any CPU.ActiveCfg = Debug|Any CPU
		{1E40708E-4544-4252-B306-110D6A54B2E8}.Debug|Any CPU.Build.0 = Debug|Any CPU
		{1E40708E-4544-4252-B306-110D6A54B2E8}.Release|Any CPU.ActiveCfg = Release|Any CPU
		{1E40708E-4544-4252-B306-110D6A54B2E8}.Release|Any CPU.Build.0 = Release|Any CPU
		{7BC2B46B-3DF0-4A5E-835B-CF034173749B}.Debug|Any CPU.ActiveCfg = Debug|Any CPU
		{7BC2B46B-3DF0-4A5E-835B-CF034173749B}.Debug|Any CPU.Build.0 = Debug|Any CPU
		{7BC2B46B-3DF0-4A5E-835B-CF034173749B}.Release|Any CPU.ActiveCfg = Release|Any CPU
		{7BC2B46B-3DF0-4A5E-835B-CF034173749B}.Release|Any CPU.Build.0 = Release|Any CPU
		{F7383F7B-6B36-4550-BEE2-8AD84E75A6CC}.Debug|Any CPU.ActiveCfg = Debug|Any CPU
		{F7383F7B-6B36-4550-BEE2-8AD84E75A6CC}.Debug|Any CPU.Build.0 = Debug|Any CPU
		{F7383F7B-6B36-4550-BEE2-8AD84E75A6CC}.Release|Any CPU.ActiveCfg = Release|Any CPU
		{F7383F7B-6B36-4550-BEE2-8AD84E75A6CC}.Release|Any CPU.Build.0 = Release|Any CPU
		{FEC329B4-9EAA-43E2-979D-1AF870490395}.Debug|Any CPU.ActiveCfg = Debug|Any CPU
		{FEC329B4-9EAA-43E2-979D-1AF870490395}.Debug|Any CPU.Build.0 = Debug|Any CPU
		{FEC329B4-9EAA-43E2-979D-1AF870490395}.Release|Any CPU.ActiveCfg = Release|Any CPU
		{FEC329B4-9EAA-43E2-979D-1AF870490395}.Release|Any CPU.Build.0 = Release|Any CPU
		{7CBC7FC0-6E44-4709-A23F-D23F86341E83}.Debug|Any CPU.ActiveCfg = Debug|Any CPU
		{7CBC7FC0-6E44-4709-A23F-D23F86341E83}.Debug|Any CPU.Build.0 = Debug|Any CPU
		{7CBC7FC0-6E44-4709-A23F-D23F86341E83}.Release|Any CPU.ActiveCfg = Release|Any CPU
		{7CBC7FC0-6E44-4709-A23F-D23F86341E83}.Release|Any CPU.Build.0 = Release|Any CPU
	EndGlobalSection
	GlobalSection(SolutionProperties) = preSolution
		HideSolutionNode = FALSE
	EndGlobalSection
	GlobalSection(ExtensibilityGlobals) = postSolution
		SolutionGuid = {585291E8-63B3-4C54-8AB8-33BF88A354CB}
	EndGlobalSection
EndGlobal
